// !$*UTF8*$!
{
	archiveVersion = 1;
	classes = {
	};
	objectVersion = 46;
	objects = {

/* Begin PBXBuildFile section */
		AEEA32001BE2B1DA00224200 /* AppDelegate.swift in Sources */ = {isa = PBXBuildFile; fileRef = AEEA31FF1BE2B1DA00224200 /* AppDelegate.swift */; };
		AEEA32021BE2B1DA00224200 /* ViewController.swift in Sources */ = {isa = PBXBuildFile; fileRef = AEEA32011BE2B1DA00224200 /* ViewController.swift */; };
		AEEA32051BE2B1DA00224200 /* Main.storyboard in Resources */ = {isa = PBXBuildFile; fileRef = AEEA32031BE2B1DA00224200 /* Main.storyboard */; };
		AEEA32071BE2B1DA00224200 /* Assets.xcassets in Resources */ = {isa = PBXBuildFile; fileRef = AEEA32061BE2B1DA00224200 /* Assets.xcassets */; };
		AEEA320A1BE2B1DA00224200 /* LaunchScreen.storyboard in Resources */ = {isa = PBXBuildFile; fileRef = AEEA32081BE2B1DA00224200 /* LaunchScreen.storyboard */; };
/* End PBXBuildFile section */

/* Begin PBXFileReference section */
		AEEA31FC1BE2B1DA00224200 /* CollectionViewTest.app */ = {isa = PBXFileReference; explicitFileType = wrapper.application; includeInIndex = 0; path = CollectionViewTest.app; sourceTree = BUILT_PRODUCTS_DIR; };
		AEEA31FF1BE2B1DA00224200 /* AppDelegate.swift */ = {isa = PBXFileReference; lastKnownFileType = sourcecode.swift; path = AppDelegate.swift; sourceTree = "<group>"; };
		AEEA32011BE2B1DA00224200 /* ViewController.swift */ = {isa = PBXFileReference; lastKnownFileType = sourcecode.swift; path = ViewController.swift; sourceTree = "<group>"; };
		AEEA32041BE2B1DA00224200 /* Base */ = {isa = PBXFileReference; lastKnownFileType = file.storyboard; name = Base; path = Base.lproj/Main.storyboard; sourceTree = "<group>"; };
		AEEA32061BE2B1DA00224200 /* Assets.xcassets */ = {isa = PBXFileReference; lastKnownFileType = folder.assetcatalog; path = Assets.xcassets; sourceTree = "<group>"; };
		AEEA32091BE2B1DA00224200 /* Base */ = {isa = PBXFileReference; lastKnownFileType = file.storyboard; name = Base; path = Base.lproj/LaunchScreen.storyboard; sourceTree = "<group>"; };
		AEEA320B1BE2B1DA00224200 /* Info.plist */ = {isa = PBXFileReference; lastKnownFileType = text.plist.xml; path = Info.plist; sourceTree = "<group>"; };
/* End PBXFileReference section */

/* Begin PBXFrameworksBuildPhase section */
		AEEA31F91BE2B1DA00224200 /* Frameworks */ = {
			isa = PBXFrameworksBuildPhase;
			buildActionMask = 2147483647;
			files = (
			);
			runOnlyForDeploymentPostprocessing = 0;
		};
/* End PBXFrameworksBuildPhase section */

/* Begin PBXGroup section */
		AEEA31F31BE2B1DA00224200 = {
			isa = PBXGroup;
			children = (
				AEEA31FE1BE2B1DA00224200 /* CollectionViewTest */,
				AEEA31FD1BE2B1DA00224200 /* Products */,
			);
			sourceTree = "<group>";
		};
		AEEA31FD1BE2B1DA00224200 /* Products */ = {
			isa = PBXGroup;
			children = (
				AEEA31FC1BE2B1DA00224200 /* CollectionViewTest.app */,
			);
			name = Products;
			sourceTree = "<group>";
		};
		AEEA31FE1BE2B1DA00224200 /* CollectionViewTest */ = {
			isa = PBXGroup;
			children = (
				AEEA31FF1BE2B1DA00224200 /* AppDelegate.swift */,
				AEEA32011BE2B1DA00224200 /* ViewController.swift */,
				AEEA32031BE2B1DA00224200 /* Main.storyboard */,
				AEEA32061BE2B1DA00224200 /* Assets.xcassets */,
				AEEA32081BE2B1DA00224200 /* LaunchScreen.storyboard */,
				AEEA320B1BE2B1DA00224200 /* Info.plist */,
			);
			path = CollectionViewTest;
			sourceTree = "<group>";
		};
/* End PBXGroup section */

/* Begin PBXNativeTarget section */
		AEEA31FB1BE2B1DA00224200 /* CollectionViewTest */ = {
			isa = PBXNativeTarget;
			buildConfigurationList = AEEA320E1BE2B1DA00224200 /* Build configuration list for PBXNativeTarget "CollectionViewTest" */;
			buildPhases = (
				AEEA31F81BE2B1DA00224200 /* Sources */,
				AEEA31F91BE2B1DA00224200 /* Frameworks */,
				AEEA31FA1BE2B1DA00224200 /* Resources */,
			);
			buildRules = (
			);
			dependencies = (
			);
			name = CollectionViewTest;
			productName = CollectionViewTest;
			productReference = AEEA31FC1BE2B1DA00224200 /* CollectionViewTest.app */;
			productType = "com.apple.product-type.application";
		};
/* End PBXNativeTarget section */

/* Begin PBXProject section */
		AEEA31F41BE2B1DA00224200 /* Project object */ = {
			isa = PBXProject;
			attributes = {
				LastUpgradeCheck = 0700;
				ORGANIZATIONNAME = "Fidel Cornelis";
				TargetAttributes = {
					AEEA31FB1BE2B1DA00224200 = {
						CreatedOnToolsVersion = 7.0;
					};
				};
			};
			buildConfigurationList = AEEA31F71BE2B1DA00224200 /* Build configuration list for PBXProject "CollectionViewTest" */;
			compatibilityVersion = "Xcode 3.2";
			developmentRegion = English;
			hasScannedForEncodings = 0;
			knownRegions = (
				en,
				Base,
			);
			mainGroup = AEEA31F31BE2B1DA00224200;
			productRefGroup = AEEA31FD1BE2B1DA00224200 /* Products */;
			projectDirPath = "";
			projectRoot = "";
			targets = (
				AEEA31FB1BE2B1DA00224200 /* CollectionViewTest */,
			);
		};
/* End PBXProject section */

/* Begin PBXResourcesBuildPhase section */
		AEEA31FA1BE2B1DA00224200 /* Resources */ = {
			isa = PBXResourcesBuildPhase;
			buildActionMask = 2147483647;
			files = (
				AEEA320A1BE2B1DA00224200 /* LaunchScreen.storyboard in Resources */,
				AEEA32071BE2B1DA00224200 /* Assets.xcassets in Resources */,
				AEEA32051BE2B1DA00224200 /* Main.storyboard in Resources */,
			);
			runOnlyForDeploymentPostprocessing = 0;
		};
/* End PBXResourcesBuildPhase section */

/* Begin PBXSourcesBuildPhase section */
		AEEA31F81BE2B1DA00224200 /* Sources */ = {
			isa = PBXSourcesBuildPhase;
			buildActionMask = 2147483647;
			files = (
				AEEA32021BE2B1DA00224200 /* ViewController.swift in Sources */,
				AEEA32001BE2B1DA00224200 /* AppDelegate.swift in Sources */,
			);
			runOnlyForDeploymentPostprocessing = 0;
		};
/* End PBXSourcesBuildPhase section */

/* Begin PBXVariantGroup section */
		AEEA32031BE2B1DA00224200 /* Main.storyboard */ = {
			isa = PBXVariantGroup;
			children = (
				AEEA32041BE2B1DA00224200 /* Base */,
			);
			name = Main.storyboard;
			sourceTree = "<group>";
		};
		AEEA32081BE2B1DA00224200 /* LaunchScreen.storyboard */ = {
			isa = PBXVariantGroup;
			children = (
				AEEA32091BE2B1DA00224200 /* Base */,
			);
			name = LaunchScreen.storyboard;
			sourceTree = "<group>";
		};
/* End PBXVariantGroup section */

/* Begin XCBuildConfiguration section */
		AEEA320C1BE2B1DA00224200 /* Debug */ = {
			isa = XCBuildConfiguration;
			buildSettings = {
				ALWAYS_SEARCH_USER_PATHS = NO;
				CLANG_CXX_LANGUAGE_STANDARD = "gnu++0x";
				CLANG_CXX_LIBRARY = "libc++";
				CLANG_ENABLE_MODULES = YES;
				CLANG_ENABLE_OBJC_ARC = YES;
				CLANG_WARN_BOOL_CONVERSION = YES;
				CLANG_WARN_CONSTANT_CONVERSION = YES;
				CLANG_WARN_DIRECT_OBJC_ISA_USAGE = YES_ERROR;
				CLANG_WARN_EMPTY_BODY = YES;
				CLANG_WARN_ENUM_CONVERSION = YES;
				CLANG_WARN_INT_CONVERSION = YES;
				CLANG_WARN_OBJC_ROOT_CLASS = YES_ERROR;
				CLANG_WARN_UNREACHABLE_CODE = YES;
				CLANG_WARN__DUPLICATE_METHOD_MATCH = YES;
				"CODE_SIGN_IDENTITY[sdk=iphoneos*]" = "iPhone Developer";
				COPY_PHASE_STRIP = NO;
				DEBUG_INFORMATION_FORMAT = dwarf;
				ENABLE_STRICT_OBJC_MSGSEND = YES;
				ENABLE_TESTABILITY = YES;
				GCC_C_LANGUAGE_STANDARD = gnu99;
				GCC_DYNAMIC_NO_PIC = NO;
				GCC_NO_COMMON_BLOCKS = YES;
				GCC_OPTIMIZATION_LEVEL = 0;
				GCC_PREPROCESSOR_DEFINITIONS = (
					"DEBUG=1",
					"$(inherited)",
				);
				GCC_WARN_64_TO_32_BIT_CONVERSION = YES;
				GCC_WARN_ABOUT_RETURN_TYPE = YES_ERROR;
				GCC_WARN_UNDECLARED_SELECTOR = YES;
				GCC_WARN_UNINITIALIZED_AUTOS = YES_AGGRESSIVE;
				GCC_WARN_UNUSED_FUNCTION = YES;
				GCC_WARN_UNUSED_VARIABLE = YES;
				IPHONEOS_DEPLOYMENT_TARGET = 9.0;
				MTL_ENABLE_DEBUG_INFO = YES;
				ONLY_ACTIVE_ARCH = YES;
				SDKROOT = iphoneos;
				SWIFT_OPTIMIZATION_LEVEL = "-Onone";
				TARGETED_DEVICE_FAMILY = 2;
			};
			name = Debug;
		};
		AEEA320D1BE2B1DA00224200 /* Release */ = {
			isa = XCBuildConfiguration;
			buildSettings = {
				ALWAYS_SEARCH_USER_PATHS = NO;
				CLANG_CXX_LANGUAGE_STANDARD = "gnu++0x";
				CLANG_CXX_LIBRARY = "libc++";
				CLANG_ENABLE_MODULES = YES;
				CLANG_ENABLE_OBJC_ARC = YES;
				CLANG_WARN_BOOL_CONVERSION = YES;
				CLANG_WARN_CONSTANT_CONVERSION = YES;
				CLANG_WARN_DIRECT_OBJC_ISA_USAGE = YES_ERROR;
				CLANG_WARN_EMPTY_BODY = YES;
				CLANG_WARN_ENUM_CONVERSION = YES;
				CLANG_WARN_INT_CONVERSION = YES;
				CLANG_WARN_OBJC_ROOT_CLASS = YES_ERROR;
				CLANG_WARN_UNREACHABLE_CODE = YES;
				CLANG_WARN__DUPLICATE_METHOD_MATCH = YES;
				"CODE_SIGN_IDENTITY[sdk=iphoneos*]" = "iPhone Developer";
				COPY_PHASE_STRIP = NO;
				DEBUG_INFORMATION_FORMAT = "dwarf-with-dsym";
				ENABLE_NS_ASSERTIONS = NO;
				ENABLE_STRICT_OBJC_MSGSEND = YES;
				GCC_C_LANGUAGE_STANDARD = gnu99;
				GCC_NO_COMMON_BLOCKS = YES;
				GCC_WARN_64_TO_32_BIT_CONVERSION = YES;
				GCC_WARN_ABOUT_RETURN_TYPE = YES_ERROR;
				GCC_WARN_UNDECLARED_SELECTOR = YES;
				GCC_WARN_UNINITIALIZED_AUTOS = YES_AGGRESSIVE;
				GCC_WARN_UNUSED_FUNCTION = YES;
				GCC_WARN_UNUSED_VARIABLE = YES;
				IPHONEOS_DEPLOYMENT_TARGET = 9.0;
				MTL_ENABLE_DEBUG_INFO = NO;
				SDKROOT = iphoneos;
				TARGETED_DEVICE_FAMILY = 2;
				VALIDATE_PRODUCT = YES;
			};
			name = Release;
		};
		AEEA320F1BE2B1DA00224200 /* Debug */ = {
			isa = XCBuildConfiguration;
			buildSettings = {
				ASSETCATALOG_COMPILER_APPICON_NAME = AppIcon;
				INFOPLIST_FILE = CollectionViewTest/Info.plist;
				LD_RUNPATH_SEARCH_PATHS = "$(inherited) @executable_path/Frameworks";
				PRODUCT_BUNDLE_IDENTIFIER = es.fidel.cornelis.CollectionViewTest;
				PRODUCT_NAME = "$(TARGET_NAME)";
			};
			name = Debug;
		};
		AEEA32101BE2B1DA00224200 /* Release */ = {
			isa = XCBuildConfiguration;
			buildSettings = {
				ASSETCATALOG_COMPILER_APPICON_NAME = AppIcon;
				INFOPLIST_FILE = CollectionViewTest/Info.plist;
				LD_RUNPATH_SEARCH_PATHS = "$(inherited) @executable_path/Frameworks";
				PRODUCT_BUNDLE_IDENTIFIER = es.fidel.cornelis.CollectionViewTest;
				PRODUCT_NAME = "$(TARGET_NAME)";
			};
			name = Release;
		};
/* End XCBuildConfiguration section */

/* Begin XCConfigurationList section */
		AEEA31F71BE2B1DA00224200 /* Build configuration list for PBXProject "CollectionViewTest" */ = {
			isa = XCConfigurationList;
			buildConfigurations = (
				AEEA320C1BE2B1DA00224200 /* Debug */,
				AEEA320D1BE2B1DA00224200 /* Release */,
			);
			defaultConfigurationIsVisible = 0;
			defaultConfigurationName = Release;
		};
		AEEA320E1BE2B1DA00224200 /* Build configuration list for PBXNativeTarget "CollectionViewTest" */ = {
			isa = XCConfigurationList;
			buildConfigurations = (
				AEEA320F1BE2B1DA00224200 /* Debug */,
				AEEA32101BE2B1DA00224200 /* Release */,
			);
			defaultConfigurationIsVisible = 0;
		};
/* End XCConfigurationList section */
	};
	rootObject = AEEA31F41BE2B1DA00224200 /* Project object */;
}
